
Microsoft Visual Studio Solution File, Format Version 12.00
# Visual Studio Version 17
VisualStudioVersion = 17.14.36121.58 d17.14
MinimumVisualStudioVersion = 10.0.40219.1
Project("{FAE04EC0-301F-11D3-BF4B-00C04F79EFBC}") = "Server", "Server\Server.csproj", "{BD92C15A-DDA9-42F7-91C0-325BEA66559D}"
EndProject
Global
	GlobalSection(SolutionConfigurationPlatforms) = preSolution
		Debug|Any CPU = Debug|Any CPU
		Release|Any CPU = Release|Any CPU
	EndGlobalSection
	GlobalSection(ProjectConfigurationPlatforms) = postSolution
		{BD92C15A-DDA9-42F7-91C0-325BEA66559D}.Debug|Any CPU.ActiveCfg = Debug|Any CPU
		{BD92C15A-DDA9-42F7-91C0-325BEA66559D}.Debug|Any CPU.Build.0 = Debug|Any CPU
		{BD92C15A-DDA9-42F7-91C0-325BEA66559D}.Release|Any CPU.ActiveCfg = Release|Any CPU
		{BD92C15A-DDA9-42F7-91C0-325BEA66559D}.Release|Any CPU.Build.0 = Release|Any CPU
	EndGlobalSection
	GlobalSection(SolutionProperties) = preSolution
		HideSolutionNode = FALSE
	EndGlobalSection
	GlobalSection(ExtensibilityGlobals) = postSolution
		SolutionGuid = {59D5D37D-7D2C-4C57-8EB7-DEA3D6D9E60F}
	EndGlobalSection
EndGlobal
